
Microsoft Visual Studio Solution File, Format Version 12.00
# Visual Studio Version 17
VisualStudioVersion = 17.5.002.0
MinimumVisualStudioVersion = 10.0.40219.1
Project("{9A19103F-16F7-4668-BE54-9A1E7A4F7556}") = "part-1", "part-1.csproj", "{B5932C4A-E972-440D-8384-38AFE76B0C83}"
EndProject
Global
	GlobalSection(SolutionConfigurationPlatforms) = preSolution
		Debug|Any CPU = Debug|Any CPU
		Release|Any CPU = Release|Any CPU
	EndGlobalSection
	GlobalSection(ProjectConfigurationPlatforms) = postSolution
		{B5932C4A-E972-440D-8384-38AFE76B0C83}.Debug|Any CPU.ActiveCfg = Debug|Any CPU
		{B5932C4A-E972-440D-8384-38AFE76B0C83}.Debug|Any CPU.Build.0 = Debug|Any CPU
		{B5932C4A-E972-440D-8384-38AFE76B0C83}.Release|Any CPU.ActiveCfg = Release|Any CPU
		{B5932C4A-E972-440D-8384-38AFE76B0C83}.Release|Any CPU.Build.0 = Release|Any CPU
	EndGlobalSection
	GlobalSection(SolutionProperties) = preSolution
		HideSolutionNode = FALSE
	EndGlobalSection
	GlobalSection(ExtensibilityGlobals) = postSolution
		SolutionGuid = {32600298-D3F9-4A8D-8D51-548C0AF524BC}
	EndGlobalSection
EndGlobal
