
Microsoft Visual Studio Solution File, Format Version 12.00
# Visual Studio Version 17
VisualStudioVersion = 17.5.002.0
MinimumVisualStudioVersion = 10.0.40219.1
Project("{9A19103F-16F7-4668-BE54-9A1E7A4F7556}") = "part-2", "part-2.csproj", "{D5415E3C-4BAF-4903-B2EF-7CD7D40BB447}"
EndProject
Global
	GlobalSection(SolutionConfigurationPlatforms) = preSolution
		Debug|Any CPU = Debug|Any CPU
		Release|Any CPU = Release|Any CPU
	EndGlobalSection
	GlobalSection(ProjectConfigurationPlatforms) = postSolution
		{D5415E3C-4BAF-4903-B2EF-7CD7D40BB447}.Debug|Any CPU.ActiveCfg = Debug|Any CPU
		{D5415E3C-4BAF-4903-B2EF-7CD7D40BB447}.Debug|Any CPU.Build.0 = Debug|Any CPU
		{D5415E3C-4BAF-4903-B2EF-7CD7D40BB447}.Release|Any CPU.ActiveCfg = Release|Any CPU
		{D5415E3C-4BAF-4903-B2EF-7CD7D40BB447}.Release|Any CPU.Build.0 = Release|Any CPU
	EndGlobalSection
	GlobalSection(SolutionProperties) = preSolution
		HideSolutionNode = FALSE
	EndGlobalSection
	GlobalSection(ExtensibilityGlobals) = postSolution
		SolutionGuid = {5F42E59C-5F01-4613-9B17-DC9E008169D2}
	EndGlobalSection
EndGlobal
