
Microsoft Visual Studio Solution File, Format Version 12.00
# Visual Studio Version 17
VisualStudioVersion = 17.5.002.0
MinimumVisualStudioVersion = 10.0.40219.1
Project("{9A19103F-16F7-4668-BE54-9A1E7A4F7556}") = "trebuchet", "trebuchet.csproj", "{7D0A2163-EAB7-4569-B34D-B48AEC7D5C6E}"
EndProject
Global
	GlobalSection(SolutionConfigurationPlatforms) = preSolution
		Debug|Any CPU = Debug|Any CPU
		Release|Any CPU = Release|Any CPU
	EndGlobalSection
	GlobalSection(ProjectConfigurationPlatforms) = postSolution
		{7D0A2163-EAB7-4569-B34D-B48AEC7D5C6E}.Debug|Any CPU.ActiveCfg = Debug|Any CPU
		{7D0A2163-EAB7-4569-B34D-B48AEC7D5C6E}.Debug|Any CPU.Build.0 = Debug|Any CPU
		{7D0A2163-EAB7-4569-B34D-B48AEC7D5C6E}.Release|Any CPU.ActiveCfg = Release|Any CPU
		{7D0A2163-EAB7-4569-B34D-B48AEC7D5C6E}.Release|Any CPU.Build.0 = Release|Any CPU
	EndGlobalSection
	GlobalSection(SolutionProperties) = preSolution
		HideSolutionNode = FALSE
	EndGlobalSection
	GlobalSection(ExtensibilityGlobals) = postSolution
		SolutionGuid = {07B91E85-7405-49DC-B0BA-C1162E71BD54}
	EndGlobalSection
EndGlobal
