Microsoft Visual Studio Solution File, Format Version 12.00
Project("{9A19103F-16F7-4668-BE54-9A1E7A4F7556}") = "part-0", "part-0.csproj", "{6F53F75A-545D-40AC-91C7-2EDFF95F5D09}"
EndProject
Global
	GlobalSection(SolutionConfigurationPlatforms) = preSolution
		Debug|Any CPU = Debug|Any CPU
		Release|Any CPU = Release|Any CPU
	EndGlobalSection
	GlobalSection(ProjectConfigurationPlatforms) = postSolution
		{6F53F75A-545D-40AC-91C7-2EDFF95F5D09}.Debug|Any CPU.ActiveCfg = Debug|Any CPU
		{6F53F75A-545D-40AC-91C7-2EDFF95F5D09}.Debug|Any CPU.Build.0 = Debug|Any CPU
		{6F53F75A-545D-40AC-91C7-2EDFF95F5D09}.Release|Any CPU.ActiveCfg = Release|Any CPU
		{6F53F75A-545D-40AC-91C7-2EDFF95F5D09}.Release|Any CPU.Build.0 = Release|Any CPU
	EndGlobalSection
	GlobalSection(SolutionProperties) = preSolution
		HideSolutionNode = FALSE
	EndGlobalSection
	GlobalSection(ExtensibilityGlobals) = postSolution
		SolutionGuid = {87F790C0-4F5D-4823-B342-635D529C84CB}
	EndGlobalSection
EndGlobal
