
Microsoft Visual Studio Solution File, Format Version 12.00
# Visual Studio Version 17
VisualStudioVersion = 17.5.002.0
MinimumVisualStudioVersion = 10.0.40219.1
Project("{9A19103F-16F7-4668-BE54-9A1E7A4F7556}") = "part-2", "part-2.csproj", "{C133F128-B9E8-4643-90C6-03415A303599}"
EndProject
Global
	GlobalSection(SolutionConfigurationPlatforms) = preSolution
		Debug|Any CPU = Debug|Any CPU
		Release|Any CPU = Release|Any CPU
	EndGlobalSection
	GlobalSection(ProjectConfigurationPlatforms) = postSolution
		{C133F128-B9E8-4643-90C6-03415A303599}.Debug|Any CPU.ActiveCfg = Debug|Any CPU
		{C133F128-B9E8-4643-90C6-03415A303599}.Debug|Any CPU.Build.0 = Debug|Any CPU
		{C133F128-B9E8-4643-90C6-03415A303599}.Release|Any CPU.ActiveCfg = Release|Any CPU
		{C133F128-B9E8-4643-90C6-03415A303599}.Release|Any CPU.Build.0 = Release|Any CPU
	EndGlobalSection
	GlobalSection(SolutionProperties) = preSolution
		HideSolutionNode = FALSE
	EndGlobalSection
	GlobalSection(ExtensibilityGlobals) = postSolution
		SolutionGuid = {69D104C6-8366-4D54-91F1-D18C96C1BD62}
	EndGlobalSection
EndGlobal
