
Microsoft Visual Studio Solution File, Format Version 12.00
# Visual Studio Version 17
VisualStudioVersion = 17.5.002.0
MinimumVisualStudioVersion = 10.0.40219.1
Project("{9A19103F-16F7-4668-BE54-9A1E7A4F7556}") = "part-2", "part-2.csproj", "{3A9FC191-4995-47A4-9242-E9B81300EEF1}"
EndProject
Global
	GlobalSection(SolutionConfigurationPlatforms) = preSolution
		Debug|Any CPU = Debug|Any CPU
		Release|Any CPU = Release|Any CPU
	EndGlobalSection
	GlobalSection(ProjectConfigurationPlatforms) = postSolution
		{3A9FC191-4995-47A4-9242-E9B81300EEF1}.Debug|Any CPU.ActiveCfg = Debug|Any CPU
		{3A9FC191-4995-47A4-9242-E9B81300EEF1}.Debug|Any CPU.Build.0 = Debug|Any CPU
		{3A9FC191-4995-47A4-9242-E9B81300EEF1}.Release|Any CPU.ActiveCfg = Release|Any CPU
		{3A9FC191-4995-47A4-9242-E9B81300EEF1}.Release|Any CPU.Build.0 = Release|Any CPU
	EndGlobalSection
	GlobalSection(SolutionProperties) = preSolution
		HideSolutionNode = FALSE
	EndGlobalSection
	GlobalSection(ExtensibilityGlobals) = postSolution
		SolutionGuid = {B1AF1CCB-3144-498D-B91D-11E83A04438A}
	EndGlobalSection
EndGlobal
