
Microsoft Visual Studio Solution File, Format Version 12.00
# Visual Studio Version 17
VisualStudioVersion = 17.5.002.0
MinimumVisualStudioVersion = 10.0.40219.1
Project("{9A19103F-16F7-4668-BE54-9A1E7A4F7556}") = "part-1", "part-1.csproj", "{445801E9-0285-4F02-B2F6-EC263B4D87A4}"
EndProject
Global
	GlobalSection(SolutionConfigurationPlatforms) = preSolution
		Debug|Any CPU = Debug|Any CPU
		Release|Any CPU = Release|Any CPU
	EndGlobalSection
	GlobalSection(ProjectConfigurationPlatforms) = postSolution
		{445801E9-0285-4F02-B2F6-EC263B4D87A4}.Debug|Any CPU.ActiveCfg = Debug|Any CPU
		{445801E9-0285-4F02-B2F6-EC263B4D87A4}.Debug|Any CPU.Build.0 = Debug|Any CPU
		{445801E9-0285-4F02-B2F6-EC263B4D87A4}.Release|Any CPU.ActiveCfg = Release|Any CPU
		{445801E9-0285-4F02-B2F6-EC263B4D87A4}.Release|Any CPU.Build.0 = Release|Any CPU
	EndGlobalSection
	GlobalSection(SolutionProperties) = preSolution
		HideSolutionNode = FALSE
	EndGlobalSection
	GlobalSection(ExtensibilityGlobals) = postSolution
		SolutionGuid = {057E621F-6F81-4503-A8A6-CB81CD9A3D45}
	EndGlobalSection
EndGlobal
